
Microsoft Visual Studio Solution File, Format Version 12.00
# Visual Studio 15
VisualStudioVersion = 15.0.26730.16
MinimumVisualStudioVersion = 10.0.40219.1
Project("{FAE04EC0-301F-11D3-BF4B-00C04F79EFBC}") = "Webshop", "Webshop\Webshop.csproj", "{6B54DFC0-A2A4-462F-A9F0-DDE06ED74B2B}"
EndProject
Project("{FAE04EC0-301F-11D3-BF4B-00C04F79EFBC}") = "HTML_CSS", "..\kontorsprylar\kontorsprylar\HTML_CSS.csproj", "{B9F3364C-F82F-4DFA-9406-7CECFDD2CCA5}"
EndProject
Global
	GlobalSection(SolutionConfigurationPlatforms) = preSolution
		Debug|Any CPU = Debug|Any CPU
		Release|Any CPU = Release|Any CPU
	EndGlobalSection
	GlobalSection(ProjectConfigurationPlatforms) = postSolution
		{6B54DFC0-A2A4-462F-A9F0-DDE06ED74B2B}.Debug|Any CPU.ActiveCfg = Debug|Any CPU
		{6B54DFC0-A2A4-462F-A9F0-DDE06ED74B2B}.Debug|Any CPU.Build.0 = Debug|Any CPU
		{6B54DFC0-A2A4-462F-A9F0-DDE06ED74B2B}.Release|Any CPU.ActiveCfg = Release|Any CPU
		{6B54DFC0-A2A4-462F-A9F0-DDE06ED74B2B}.Release|Any CPU.Build.0 = Release|Any CPU
		{B9F3364C-F82F-4DFA-9406-7CECFDD2CCA5}.Debug|Any CPU.ActiveCfg = Debug|Any CPU
		{B9F3364C-F82F-4DFA-9406-7CECFDD2CCA5}.Debug|Any CPU.Build.0 = Debug|Any CPU
		{B9F3364C-F82F-4DFA-9406-7CECFDD2CCA5}.Release|Any CPU.ActiveCfg = Release|Any CPU
		{B9F3364C-F82F-4DFA-9406-7CECFDD2CCA5}.Release|Any CPU.Build.0 = Release|Any CPU
	EndGlobalSection
	GlobalSection(SolutionProperties) = preSolution
		HideSolutionNode = FALSE
	EndGlobalSection
	GlobalSection(ExtensibilityGlobals) = postSolution
		SolutionGuid = {EC761959-85D7-4813-860E-A8CB247B8C95}
	EndGlobalSection
EndGlobal
